
Microsoft Visual Studio Solution File, Format Version 12.00
# Visual Studio Version 16
VisualStudioVersion = 16.0.30804.86
MinimumVisualStudioVersion = 10.0.40219.1
Project("{FAE04EC0-301F-11D3-BF4B-00C04F79EFBC}") = "UploadDownloadFile_WebAPI_Sample", "UploadDownloadFile_WebAPI_Sample\UploadDownloadFile_WebAPI_Sample.csproj", "{80962EFA-1A4B-4AF4-B052-C43F6BE4A0C4}"
EndProject
Global
	GlobalSection(SolutionConfigurationPlatforms) = preSolution
		Debug|Any CPU = Debug|Any CPU
		Release|Any CPU = Release|Any CPU
	EndGlobalSection
	GlobalSection(ProjectConfigurationPlatforms) = postSolution
		{80962EFA-1A4B-4AF4-B052-C43F6BE4A0C4}.Debug|Any CPU.ActiveCfg = Debug|Any CPU
		{80962EFA-1A4B-4AF4-B052-C43F6BE4A0C4}.Debug|Any CPU.Build.0 = Debug|Any CPU
		{80962EFA-1A4B-4AF4-B052-C43F6BE4A0C4}.Release|Any CPU.ActiveCfg = Release|Any CPU
		{80962EFA-1A4B-4AF4-B052-C43F6BE4A0C4}.Release|Any CPU.Build.0 = Release|Any CPU
	EndGlobalSection
	GlobalSection(SolutionProperties) = preSolution
		HideSolutionNode = FALSE
	EndGlobalSection
	GlobalSection(ExtensibilityGlobals) = postSolution
		SolutionGuid = {4699736A-84A1-4118-ABD6-78439EDCE58C}
	EndGlobalSection
EndGlobal
